
Microsoft Visual Studio Solution File, Format Version 12.00
# Visual Studio Version 17
VisualStudioVersion = 17.7.34031.279
MinimumVisualStudioVersion = 10.0.40219.1
Project("{FAE04EC0-301F-11D3-BF4B-00C04F79EFBC}") = "KeyCorrect", "KeyCorrect\KeyCorrect.csproj", "{4FEDFAF8-F48C-4BEB-BE4E-6447A48A4708}"
EndProject
Global
	GlobalSection(SolutionConfigurationPlatforms) = preSolution
		Debug|Any CPU = Debug|Any CPU
		Release|Any CPU = Release|Any CPU
	EndGlobalSection
	GlobalSection(ProjectConfigurationPlatforms) = postSolution
		{4FEDFAF8-F48C-4BEB-BE4E-6447A48A4708}.Debug|Any CPU.ActiveCfg = Debug|Any CPU
		{4FEDFAF8-F48C-4BEB-BE4E-6447A48A4708}.Debug|Any CPU.Build.0 = Debug|Any CPU
		{4FEDFAF8-F48C-4BEB-BE4E-6447A48A4708}.Release|Any CPU.ActiveCfg = Release|Any CPU
		{4FEDFAF8-F48C-4BEB-BE4E-6447A48A4708}.Release|Any CPU.Build.0 = Release|Any CPU
	EndGlobalSection
	GlobalSection(SolutionProperties) = preSolution
		HideSolutionNode = FALSE
	EndGlobalSection
	GlobalSection(ExtensibilityGlobals) = postSolution
		SolutionGuid = {A8EDE32C-FAB4-45A0-92BA-5C83DEE01176}
	EndGlobalSection
EndGlobal
